version = 1
revision = 2
requires-python = ">=3.11"

[[package]]
name = "registream"
version = "3.0.0"
source = { editable = "." }
dependencies = [
    { name = "registream-autolabel" },
    { name = "registream-core" },
]

[package.metadata]
requires-dist = [
    { name = "registream-autolabel", editable = "../../../autolabel/python/registream-autolabel" },
    { name = "registream-core", editable = "../registream-core" },
]

[[package]]
name = "registream-autolabel"
version = "3.0.0"
source = { editable = "../../../autolabel/python/registream-autolabel" }
dependencies = [
    { name = "registream-core" },
]

[package.metadata]
requires-dist = [{ name = "registream-core", editable = "../registream-core" }]

[[package]]
name = "registream-core"
version = "3.0.0"
source = { editable = "../registream-core" }
